// !$*UTF8*$!
{
	archiveVersion = 1;
	classes = {
	};
	objectVersion = 50;
	objects = {

/* Begin PBXBuildFile section */
		56114108224CAC3700790039 /* Realm.framework in Frameworks */ = {isa = PBXBuildFile; fileRef = 56114104224CAC3600790039 /* Realm.framework */; };
		56114109224CAC3700790039 /* Realm.framework in Embed Frameworks */ = {isa = PBXBuildFile; fileRef = 56114104224CAC3600790039 /* Realm.framework */; settings = {ATTRIBUTES = (CodeSignOnCopy, RemoveHeadersOnCopy, ); }; };
		5611410A224CAC3700790039 /* Quick.framework in Frameworks */ = {isa = PBXBuildFile; fileRef = 56114105224CAC3600790039 /* Quick.framework */; };
		5611410B224CAC3700790039 /* Quick.framework in Embed Frameworks */ = {isa = PBXBuildFile; fileRef = 56114105224CAC3600790039 /* Quick.framework */; settings = {ATTRIBUTES = (CodeSignOnCopy, RemoveHeadersOnCopy, ); }; };
		5611410C224CAC3700790039 /* RealmSwift.framework in Frameworks */ = {isa = PBXBuildFile; fileRef = 56114106224CAC3600790039 /* RealmSwift.framework */; };
		5611410D224CAC3700790039 /* RealmSwift.framework in Embed Frameworks */ = {isa = PBXBuildFile; fileRef = 56114106224CAC3600790039 /* RealmSwift.framework */; settings = {ATTRIBUTES = (CodeSignOnCopy, RemoveHeadersOnCopy, ); }; };
		5611410E224CAC3700790039 /* Nimble.framework in Frameworks */ = {isa = PBXBuildFile; fileRef = 56114107224CAC3700790039 /* Nimble.framework */; };
		5611410F224CAC3700790039 /* Nimble.framework in Embed Frameworks */ = {isa = PBXBuildFile; fileRef = 56114107224CAC3700790039 /* Nimble.framework */; settings = {ATTRIBUTES = (CodeSignOnCopy, RemoveHeadersOnCopy, ); }; };
		56114111224CADA800790039 /* Charts.framework in Frameworks */ = {isa = PBXBuildFile; fileRef = 56114110224CADA800790039 /* Charts.framework */; };
		56114112224CADA800790039 /* Charts.framework in Embed Frameworks */ = {isa = PBXBuildFile; fileRef = 56114110224CADA800790039 /* Charts.framework */; settings = {ATTRIBUTES = (CodeSignOnCopy, RemoveHeadersOnCopy, ); }; };
		56114114224CC50800790039 /* SwiftyJSON.framework in Frameworks */ = {isa = PBXBuildFile; fileRef = 56114113224CC50700790039 /* SwiftyJSON.framework */; };
		56114115224CC50800790039 /* SwiftyJSON.framework in Embed Frameworks */ = {isa = PBXBuildFile; fileRef = 56114113224CC50700790039 /* SwiftyJSON.framework */; settings = {ATTRIBUTES = (CodeSignOnCopy, RemoveHeadersOnCopy, ); }; };
		5616598222385E8C005E9D0C /* AppDelegate.swift in Sources */ = {isa = PBXBuildFile; fileRef = 5616598122385E8C005E9D0C /* AppDelegate.swift */; };
		5616598C22385E8E005E9D0C /* Assets.xcassets in Resources */ = {isa = PBXBuildFile; fileRef = 5616598B22385E8E005E9D0C /* Assets.xcassets */; };
		5616598F22385E8E005E9D0C /* LaunchScreen.storyboard in Resources */ = {isa = PBXBuildFile; fileRef = 5616598D22385E8E005E9D0C /* LaunchScreen.storyboard */; };
		5616599A22385E8E005E9D0C /* TimeRecorderTests.swift in Sources */ = {isa = PBXBuildFile; fileRef = 5616599922385E8E005E9D0C /* TimeRecorderTests.swift */; };
		561659A522385E8E005E9D0C /* TimeRecorderUITests.swift in Sources */ = {isa = PBXBuildFile; fileRef = 561659A422385E8E005E9D0C /* TimeRecorderUITests.swift */; };
		5667FC412238FA09002617BE /* SettingViewController.swift in Sources */ = {isa = PBXBuildFile; fileRef = 5667FC402238FA09002617BE /* SettingViewController.swift */; };
		5667FC432238FA43002617BE /* ChatsViewController.swift in Sources */ = {isa = PBXBuildFile; fileRef = 5667FC422238FA43002617BE /* ChatsViewController.swift */; };
		5667FC452238FA54002617BE /* RecordsViewController.swift in Sources */ = {isa = PBXBuildFile; fileRef = 5667FC442238FA54002617BE /* RecordsViewController.swift */; };
		5667FC472238FA7D002617BE /* TimerViewController.swift in Sources */ = {isa = PBXBuildFile; fileRef = 5667FC462238FA7D002617BE /* TimerViewController.swift */; };
		5667FC492239A108002617BE /* CategoriesViewController.swift in Sources */ = {isa = PBXBuildFile; fileRef = 5667FC482239A108002617BE /* CategoriesViewController.swift */; };
		5667FC4B223A0154002617BE /* EditActivityViewController.swift in Sources */ = {isa = PBXBuildFile; fileRef = 5667FC4A223A0154002617BE /* EditActivityViewController.swift */; };
		5667FC4D223AEEB5002617BE /* SelectIconViewController.swift in Sources */ = {isa = PBXBuildFile; fileRef = 5667FC4C223AEEB5002617BE /* SelectIconViewController.swift */; };
		5667FC51223AEFF2002617BE /* IconViewCell.swift in Sources */ = {isa = PBXBuildFile; fileRef = 5667FC50223AEFF2002617BE /* IconViewCell.swift */; };
		5667FC53223D9888002617BE /* TRDatePicker.swift in Sources */ = {isa = PBXBuildFile; fileRef = 5667FC52223D9888002617BE /* TRDatePicker.swift */; };
		5667FC93223E6308002617BE /* IconView.swift in Sources */ = {isa = PBXBuildFile; fileRef = 5667FC92223E6308002617BE /* IconView.swift */; };
		5667FC95223EEC0F002617BE /* EditActivityNameTableViewCell.swift in Sources */ = {isa = PBXBuildFile; fileRef = 5667FC94223EEC0F002617BE /* EditActivityNameTableViewCell.swift */; };
		5667FC97223F20BF002617BE /* EditActivityIconTableViewCell.swift in Sources */ = {isa = PBXBuildFile; fileRef = 5667FC96223F20BF002617BE /* EditActivityIconTableViewCell.swift */; };
		5667FC99223F2DB0002617BE /* ActivityTableViewCell.swift in Sources */ = {isa = PBXBuildFile; fileRef = 5667FC98223F2DB0002617BE /* ActivityTableViewCell.swift */; };
		5667FC9B223F48E9002617BE /* ActivitiesViewController.swift in Sources */ = {isa = PBXBuildFile; fileRef = 5667FC9A223F48E9002617BE /* ActivitiesViewController.swift */; };
		5667FC9E223F955D002617BE /* CategoriesFilteViewController.swift in Sources */ = {isa = PBXBuildFile; fileRef = 5667FC9D223F955D002617BE /* CategoriesFilteViewController.swift */; };
		5667FCA0223F9754002617BE /* FilteStateView.swift in Sources */ = {isa = PBXBuildFile; fileRef = 5667FC9F223F9754002617BE /* FilteStateView.swift */; };
		5667FCA42240F032002617BE /* BasicTableViewController.swift in Sources */ = {isa = PBXBuildFile; fileRef = 5667FCA32240F032002617BE /* BasicTableViewController.swift */; };
		5667FCA62240FEB3002617BE /* BasicItemsTableViewController.swift in Sources */ = {isa = PBXBuildFile; fileRef = 5667FCA52240FEB3002617BE /* BasicItemsTableViewController.swift */; };
		5667FCA82242360F002617BE /* EditRecordViewController.swift in Sources */ = {isa = PBXBuildFile; fileRef = 5667FCA72242360F002617BE /* EditRecordViewController.swift */; };
		5667FCAA22424799002617BE /* TRCategoryPicker.swift in Sources */ = {isa = PBXBuildFile; fileRef = 5667FCA922424799002617BE /* TRCategoryPicker.swift */; };
		5667FCAC22424E9D002617BE /* CategoryView.swift in Sources */ = {isa = PBXBuildFile; fileRef = 5667FCAB22424E9D002617BE /* CategoryView.swift */; };
		5667FD3D22438AF3002617BE /* BaseEditAttributeTableViewController.swift in Sources */ = {isa = PBXBuildFile; fileRef = 5667FD3C22438AF3002617BE /* BaseEditAttributeTableViewController.swift */; };
		5667FD402244E05D002617BE /* EditCategoryTableViewCell.swift in Sources */ = {isa = PBXBuildFile; fileRef = 5667FD3F2244E05D002617BE /* EditCategoryTableViewCell.swift */; };
		5667FD422244F476002617BE /* EditDateTableViewCell.swift in Sources */ = {isa = PBXBuildFile; fileRef = 5667FD412244F476002617BE /* EditDateTableViewCell.swift */; };
		5667FD442244F68D002617BE /* EditNoteTableViewCell.swift in Sources */ = {isa = PBXBuildFile; fileRef = 5667FD432244F68D002617BE /* EditNoteTableViewCell.swift */; };
		5667FD472245876F002617BE /* UIImageView+Extensions.swift in Sources */ = {isa = PBXBuildFile; fileRef = 5667FD462245876F002617BE /* UIImageView+Extensions.swift */; };
		5667FD4B22458DF1002617BE /* BaseEditRecordTableViewCell.swift in Sources */ = {isa = PBXBuildFile; fileRef = 5667FD4A22458DF1002617BE /* BaseEditRecordTableViewCell.swift */; };
		5667FD4D2245EA59002617BE /* RecordListTableViewCell.swift in Sources */ = {isa = PBXBuildFile; fileRef = 5667FD4C2245EA59002617BE /* RecordListTableViewCell.swift */; };
		5667FD4F22460046002617BE /* Common+Extensions.swift in Sources */ = {isa = PBXBuildFile; fileRef = 5667FD4E22460046002617BE /* Common+Extensions.swift */; };
		5667FD5122461CB5002617BE /* Date+Extensions.swift in Sources */ = {isa = PBXBuildFile; fileRef = 5667FD5022461CB5002617BE /* Date+Extensions.swift */; };
		5682D2B022387E6D00B2B96F /* DataManager.swift in Sources */ = {isa = PBXBuildFile; fileRef = 5682D2AF22387E6D00B2B96F /* DataManager.swift */; };
/* End PBXBuildFile section */

/* Begin PBXContainerItemProxy section */
		5616599622385E8E005E9D0C /* PBXContainerItemProxy */ = {
			isa = PBXContainerItemProxy;
			containerPortal = 5616597622385E8C005E9D0C /* Project object */;
			proxyType = 1;
			remoteGlobalIDString = 5616597D22385E8C005E9D0C;
			remoteInfo = TimeRecorder;
		};
		561659A122385E8E005E9D0C /* PBXContainerItemProxy */ = {
			isa = PBXContainerItemProxy;
			containerPortal = 5616597622385E8C005E9D0C /* Project object */;
			proxyType = 1;
			remoteGlobalIDString = 5616597D22385E8C005E9D0C;
			remoteInfo = TimeRecorder;
		};
/* End PBXContainerItemProxy section */

/* Begin PBXCopyFilesBuildPhase section */
		5682D2B72238866700B2B96F /* Embed Frameworks */ = {
			isa = PBXCopyFilesBuildPhase;
			buildActionMask = 2147483647;
			dstPath = "";
			dstSubfolderSpec = 10;
			files = (
				5611410F224CAC3700790039 /* Nimble.framework in Embed Frameworks */,
				56114109224CAC3700790039 /* Realm.framework in Embed Frameworks */,
				56114115224CC50800790039 /* SwiftyJSON.framework in Embed Frameworks */,
				56114112224CADA800790039 /* Charts.framework in Embed Frameworks */,
				5611410D224CAC3700790039 /* RealmSwift.framework in Embed Frameworks */,
				5611410B224CAC3700790039 /* Quick.framework in Embed Frameworks */,
			);
			name = "Embed Frameworks";
			runOnlyForDeploymentPostprocessing = 0;
		};
/* End PBXCopyFilesBuildPhase section */

/* Begin PBXFileReference section */
		56114104224CAC3600790039 /* Realm.framework */ = {isa = PBXFileReference; lastKnownFileType = wrapper.framework; path = Realm.framework; sourceTree = "<group>"; };
		56114105224CAC3600790039 /* Quick.framework */ = {isa = PBXFileReference; lastKnownFileType = wrapper.framework; path = Quick.framework; sourceTree = "<group>"; };
		56114106224CAC3600790039 /* RealmSwift.framework */ = {isa = PBXFileReference; lastKnownFileType = wrapper.framework; path = RealmSwift.framework; sourceTree = "<group>"; };
		56114107224CAC3700790039 /* Nimble.framework */ = {isa = PBXFileReference; lastKnownFileType = wrapper.framework; path = Nimble.framework; sourceTree = "<group>"; };
		56114110224CADA800790039 /* Charts.framework */ = {isa = PBXFileReference; lastKnownFileType = wrapper.framework; path = Charts.framework; sourceTree = "<group>"; };
		56114113224CC50700790039 /* SwiftyJSON.framework */ = {isa = PBXFileReference; lastKnownFileType = wrapper.framework; path = SwiftyJSON.framework; sourceTree = "<group>"; };
		5616597E22385E8C005E9D0C /* TimeRecorder.app */ = {isa = PBXFileReference; explicitFileType = wrapper.application; includeInIndex = 0; path = TimeRecorder.app; sourceTree = BUILT_PRODUCTS_DIR; };
		5616598122385E8C005E9D0C /* AppDelegate.swift */ = {isa = PBXFileReference; lastKnownFileType = sourcecode.swift; path = AppDelegate.swift; sourceTree = "<group>"; };
		5616598B22385E8E005E9D0C /* Assets.xcassets */ = {isa = PBXFileReference; lastKnownFileType = folder.assetcatalog; path = Assets.xcassets; sourceTree = "<group>"; };
		5616598E22385E8E005E9D0C /* Base */ = {isa = PBXFileReference; lastKnownFileType = file.storyboard; name = Base; path = Base.lproj/LaunchScreen.storyboard; sourceTree = "<group>"; };
		5616599022385E8E005E9D0C /* Info.plist */ = {isa = PBXFileReference; lastKnownFileType = text.plist.xml; path = Info.plist; sourceTree = "<group>"; };
		5616599522385E8E005E9D0C /* TimeRecorderTests.xctest */ = {isa = PBXFileReference; explicitFileType = wrapper.cfbundle; includeInIndex = 0; path = TimeRecorderTests.xctest; sourceTree = BUILT_PRODUCTS_DIR; };
		5616599922385E8E005E9D0C /* TimeRecorderTests.swift */ = {isa = PBXFileReference; lastKnownFileType = sourcecode.swift; path = TimeRecorderTests.swift; sourceTree = "<group>"; };
		5616599B22385E8E005E9D0C /* Info.plist */ = {isa = PBXFileReference; lastKnownFileType = text.plist.xml; path = Info.plist; sourceTree = "<group>"; };
		561659A022385E8E005E9D0C /* TimeRecorderUITests.xctest */ = {isa = PBXFileReference; explicitFileType = wrapper.cfbundle; includeInIndex = 0; path = TimeRecorderUITests.xctest; sourceTree = BUILT_PRODUCTS_DIR; };
		561659A422385E8E005E9D0C /* TimeRecorderUITests.swift */ = {isa = PBXFileReference; lastKnownFileType = sourcecode.swift; path = TimeRecorderUITests.swift; sourceTree = "<group>"; };
		561659A622385E8E005E9D0C /* Info.plist */ = {isa = PBXFileReference; lastKnownFileType = text.plist.xml; path = Info.plist; sourceTree = "<group>"; };
		5667FC402238FA09002617BE /* SettingViewController.swift */ = {isa = PBXFileReference; lastKnownFileType = sourcecode.swift; path = SettingViewController.swift; sourceTree = "<group>"; };
		5667FC422238FA43002617BE /* ChatsViewController.swift */ = {isa = PBXFileReference; lastKnownFileType = sourcecode.swift; path = ChatsViewController.swift; sourceTree = "<group>"; };
		5667FC442238FA54002617BE /* RecordsViewController.swift */ = {isa = PBXFileReference; lastKnownFileType = sourcecode.swift; path = RecordsViewController.swift; sourceTree = "<group>"; };
		5667FC462238FA7D002617BE /* TimerViewController.swift */ = {isa = PBXFileReference; lastKnownFileType = sourcecode.swift; path = TimerViewController.swift; sourceTree = "<group>"; };
		5667FC482239A108002617BE /* CategoriesViewController.swift */ = {isa = PBXFileReference; lastKnownFileType = sourcecode.swift; path = CategoriesViewController.swift; sourceTree = "<group>"; };
		5667FC4A223A0154002617BE /* EditActivityViewController.swift */ = {isa = PBXFileReference; lastKnownFileType = sourcecode.swift; path = EditActivityViewController.swift; sourceTree = "<group>"; };
		5667FC4C223AEEB5002617BE /* SelectIconViewController.swift */ = {isa = PBXFileReference; lastKnownFileType = sourcecode.swift; path = SelectIconViewController.swift; sourceTree = "<group>"; };
		5667FC50223AEFF2002617BE /* IconViewCell.swift */ = {isa = PBXFileReference; lastKnownFileType = sourcecode.swift; path = IconViewCell.swift; sourceTree = "<group>"; };
		5667FC52223D9888002617BE /* TRDatePicker.swift */ = {isa = PBXFileReference; lastKnownFileType = sourcecode.swift; path = TRDatePicker.swift; sourceTree = "<group>"; };
		5667FC92223E6308002617BE /* IconView.swift */ = {isa = PBXFileReference; lastKnownFileType = sourcecode.swift; path = IconView.swift; sourceTree = "<group>"; };
		5667FC94223EEC0F002617BE /* EditActivityNameTableViewCell.swift */ = {isa = PBXFileReference; lastKnownFileType = sourcecode.swift; path = EditActivityNameTableViewCell.swift; sourceTree = "<group>"; };
		5667FC96223F20BF002617BE /* EditActivityIconTableViewCell.swift */ = {isa = PBXFileReference; lastKnownFileType = sourcecode.swift; path = EditActivityIconTableViewCell.swift; sourceTree = "<group>"; };
		5667FC98223F2DB0002617BE /* ActivityTableViewCell.swift */ = {isa = PBXFileReference; lastKnownFileType = sourcecode.swift; path = ActivityTableViewCell.swift; sourceTree = "<group>"; };
		5667FC9A223F48E9002617BE /* ActivitiesViewController.swift */ = {isa = PBXFileReference; lastKnownFileType = sourcecode.swift; path = ActivitiesViewController.swift; sourceTree = "<group>"; };
		5667FC9D223F955D002617BE /* CategoriesFilteViewController.swift */ = {isa = PBXFileReference; lastKnownFileType = sourcecode.swift; path = CategoriesFilteViewController.swift; sourceTree = "<group>"; };
		5667FC9F223F9754002617BE /* FilteStateView.swift */ = {isa = PBXFileReference; lastKnownFileType = sourcecode.swift; path = FilteStateView.swift; sourceTree = "<group>"; };
		5667FCA32240F032002617BE /* BasicTableViewController.swift */ = {isa = PBXFileReference; lastKnownFileType = sourcecode.swift; path = BasicTableViewController.swift; sourceTree = "<group>"; };
		5667FCA52240FEB3002617BE /* BasicItemsTableViewController.swift */ = {isa = PBXFileReference; lastKnownFileType = sourcecode.swift; path = BasicItemsTableViewController.swift; sourceTree = "<group>"; };
		5667FCA72242360F002617BE /* EditRecordViewController.swift */ = {isa = PBXFileReference; lastKnownFileType = sourcecode.swift; path = EditRecordViewController.swift; sourceTree = "<group>"; };
		5667FCA922424799002617BE /* TRCategoryPicker.swift */ = {isa = PBXFileReference; lastKnownFileType = sourcecode.swift; path = TRCategoryPicker.swift; sourceTree = "<group>"; };
		5667FCAB22424E9D002617BE /* CategoryView.swift */ = {isa = PBXFileReference; lastKnownFileType = sourcecode.swift; path = CategoryView.swift; sourceTree = "<group>"; };
		5667FD3C22438AF3002617BE /* BaseEditAttributeTableViewController.swift */ = {isa = PBXFileReference; lastKnownFileType = sourcecode.swift; path = BaseEditAttributeTableViewController.swift; sourceTree = "<group>"; };
		5667FD3F2244E05D002617BE /* EditCategoryTableViewCell.swift */ = {isa = PBXFileReference; lastKnownFileType = sourcecode.swift; path = EditCategoryTableViewCell.swift; sourceTree = "<group>"; };
		5667FD412244F476002617BE /* EditDateTableViewCell.swift */ = {isa = PBXFileReference; lastKnownFileType = sourcecode.swift; path = EditDateTableViewCell.swift; sourceTree = "<group>"; };
		5667FD432244F68D002617BE /* EditNoteTableViewCell.swift */ = {isa = PBXFileReference; lastKnownFileType = sourcecode.swift; path = EditNoteTableViewCell.swift; sourceTree = "<group>"; };
		5667FD462245876F002617BE /* UIImageView+Extensions.swift */ = {isa = PBXFileReference; lastKnownFileType = sourcecode.swift; path = "UIImageView+Extensions.swift"; sourceTree = "<group>"; };
		5667FD4A22458DF1002617BE /* BaseEditRecordTableViewCell.swift */ = {isa = PBXFileReference; lastKnownFileType = sourcecode.swift; path = BaseEditRecordTableViewCell.swift; sourceTree = "<group>"; };
		5667FD4C2245EA59002617BE /* RecordListTableViewCell.swift */ = {isa = PBXFileReference; lastKnownFileType = sourcecode.swift; path = RecordListTableViewCell.swift; sourceTree = "<group>"; };
		5667FD4E22460046002617BE /* Common+Extensions.swift */ = {isa = PBXFileReference; lastKnownFileType = sourcecode.swift; path = "Common+Extensions.swift"; sourceTree = "<group>"; };
		5667FD5022461CB5002617BE /* Date+Extensions.swift */ = {isa = PBXFileReference; lastKnownFileType = sourcecode.swift; path = "Date+Extensions.swift"; sourceTree = "<group>"; };
		5682D2AF22387E6D00B2B96F /* DataManager.swift */ = {isa = PBXFileReference; lastKnownFileType = sourcecode.swift; path = DataManager.swift; sourceTree = "<group>"; };
/* End PBXFileReference section */

/* Begin PBXFrameworksBuildPhase section */
		5616597B22385E8C005E9D0C /* Frameworks */ = {
			isa = PBXFrameworksBuildPhase;
			buildActionMask = 2147483647;
			files = (
				5611410E224CAC3700790039 /* Nimble.framework in Frameworks */,
				56114108224CAC3700790039 /* Realm.framework in Frameworks */,
				56114114224CC50800790039 /* SwiftyJSON.framework in Frameworks */,
				56114111224CADA800790039 /* Charts.framework in Frameworks */,
				5611410C224CAC3700790039 /* RealmSwift.framework in Frameworks */,
				5611410A224CAC3700790039 /* Quick.framework in Frameworks */,
			);
			runOnlyForDeploymentPostprocessing = 0;
		};
		5616599222385E8E005E9D0C /* Frameworks */ = {
			isa = PBXFrameworksBuildPhase;
			buildActionMask = 2147483647;
			files = (
			);
			runOnlyForDeploymentPostprocessing = 0;
		};
		5616599D22385E8E005E9D0C /* Frameworks */ = {
			isa = PBXFrameworksBuildPhase;
			buildActionMask = 2147483647;
			files = (
			);
			runOnlyForDeploymentPostprocessing = 0;
		};
/* End PBXFrameworksBuildPhase section */

/* Begin PBXGroup section */
		5616597522385E8C005E9D0C = {
			isa = PBXGroup;
			children = (
				5616598022385E8C005E9D0C /* TimeRecorder */,
				5616599822385E8E005E9D0C /* TimeRecorderTests */,
				561659A322385E8E005E9D0C /* TimeRecorderUITests */,
				5616597F22385E8C005E9D0C /* Products */,
				5682D2B8223886B400B2B96F /* Frameworks */,
			);
			sourceTree = "<group>";
		};
		5616597F22385E8C005E9D0C /* Products */ = {
			isa = PBXGroup;
			children = (
				5616597E22385E8C005E9D0C /* TimeRecorder.app */,
				5616599522385E8E005E9D0C /* TimeRecorderTests.xctest */,
				561659A022385E8E005E9D0C /* TimeRecorderUITests.xctest */,
			);
			name = Products;
			sourceTree = "<group>";
		};
		5616598022385E8C005E9D0C /* TimeRecorder */ = {
			isa = PBXGroup;
			children = (
				5667FD4522458684002617BE /* Extensions */,
				5667FC4E223AEFB0002617BE /* Common */,
				5667FC3B2238F91C002617BE /* Modules */,
				5682D2AE22387E0B00B2B96F /* Models */,
				5616598122385E8C005E9D0C /* AppDelegate.swift */,
				5616598B22385E8E005E9D0C /* Assets.xcassets */,
				5616598D22385E8E005E9D0C /* LaunchScreen.storyboard */,
				5616599022385E8E005E9D0C /* Info.plist */,
			);
			path = TimeRecorder;
			sourceTree = "<group>";
		};
		5616599822385E8E005E9D0C /* TimeRecorderTests */ = {
			isa = PBXGroup;
			children = (
				5616599922385E8E005E9D0C /* TimeRecorderTests.swift */,
				5616599B22385E8E005E9D0C /* Info.plist */,
			);
			path = TimeRecorderTests;
			sourceTree = "<group>";
		};
		561659A322385E8E005E9D0C /* TimeRecorderUITests */ = {
			isa = PBXGroup;
			children = (
				561659A422385E8E005E9D0C /* TimeRecorderUITests.swift */,
				561659A622385E8E005E9D0C /* Info.plist */,
			);
			path = TimeRecorderUITests;
			sourceTree = "<group>";
		};
		5667FC3B2238F91C002617BE /* Modules */ = {
			isa = PBXGroup;
			children = (
				5667FC9C223F945A002617BE /* Filter */,
				5667FC3F2238F980002617BE /* Setting */,
				5667FC3E2238F96D002617BE /* Chats */,
				5667FC3D2238F963002617BE /* Records */,
				5667FC3C2238F94F002617BE /* Timer */,
			);
			path = Modules;
			sourceTree = "<group>";
		};
		5667FC3C2238F94F002617BE /* Timer */ = {
			isa = PBXGroup;
			children = (
				5667FC462238FA7D002617BE /* TimerViewController.swift */,
			);
			path = Timer;
			sourceTree = "<group>";
		};
		5667FC3D2238F963002617BE /* Records */ = {
			isa = PBXGroup;
			children = (
				5667FC442238FA54002617BE /* RecordsViewController.swift */,
				5667FCA72242360F002617BE /* EditRecordViewController.swift */,
			);
			path = Records;
			sourceTree = "<group>";
		};
		5667FC3E2238F96D002617BE /* Chats */ = {
			isa = PBXGroup;
			children = (
				5667FC422238FA43002617BE /* ChatsViewController.swift */,
			);
			path = Chats;
			sourceTree = "<group>";
		};
		5667FC3F2238F980002617BE /* Setting */ = {
			isa = PBXGroup;
			children = (
				5667FC402238FA09002617BE /* SettingViewController.swift */,
				5667FC482239A108002617BE /* CategoriesViewController.swift */,
				5667FC9A223F48E9002617BE /* ActivitiesViewController.swift */,
				5667FC4A223A0154002617BE /* EditActivityViewController.swift */,
				5667FC4C223AEEB5002617BE /* SelectIconViewController.swift */,
			);
			path = Setting;
			sourceTree = "<group>";
		};
		5667FC4E223AEFB0002617BE /* Common */ = {
			isa = PBXGroup;
			children = (
				5667FCA22240EFF2002617BE /* ViewController */,
				5667FC4F223AEFB6002617BE /* View */,
			);
			path = Common;
			sourceTree = "<group>";
		};
		5667FC4F223AEFB6002617BE /* View */ = {
			isa = PBXGroup;
			children = (
				5667FD3E2244DFFB002617BE /* TableViewCell */,
				5667FC50223AEFF2002617BE /* IconViewCell.swift */,
				5667FC52223D9888002617BE /* TRDatePicker.swift */,
				5667FCA922424799002617BE /* TRCategoryPicker.swift */,
				5667FC94223EEC0F002617BE /* EditActivityNameTableViewCell.swift */,
				5667FC96223F20BF002617BE /* EditActivityIconTableViewCell.swift */,
				5667FC98223F2DB0002617BE /* ActivityTableViewCell.swift */,
				5667FC9F223F9754002617BE /* FilteStateView.swift */,
				5667FC92223E6308002617BE /* IconView.swift */,
				5667FCAB22424E9D002617BE /* CategoryView.swift */,
			);
			path = View;
			sourceTree = "<group>";
		};
		5667FC9C223F945A002617BE /* Filter */ = {
			isa = PBXGroup;
			children = (
				5667FC9D223F955D002617BE /* CategoriesFilteViewController.swift */,
			);
			path = Filter;
			sourceTree = "<group>";
		};
		5667FCA22240EFF2002617BE /* ViewController */ = {
			isa = PBXGroup;
			children = (
				5667FCA32240F032002617BE /* BasicTableViewController.swift */,
				5667FCA52240FEB3002617BE /* BasicItemsTableViewController.swift */,
				5667FD3C22438AF3002617BE /* BaseEditAttributeTableViewController.swift */,
			);
			path = ViewController;
			sourceTree = "<group>";
		};
		5667FD3E2244DFFB002617BE /* TableViewCell */ = {
			isa = PBXGroup;
			children = (
				5667FD3F2244E05D002617BE /* EditCategoryTableViewCell.swift */,
				5667FD412244F476002617BE /* EditDateTableViewCell.swift */,
				5667FD432244F68D002617BE /* EditNoteTableViewCell.swift */,
				5667FD4A22458DF1002617BE /* BaseEditRecordTableViewCell.swift */,
				5667FD4C2245EA59002617BE /* RecordListTableViewCell.swift */,
			);
			path = TableViewCell;
			sourceTree = "<group>";
		};
		5667FD4522458684002617BE /* Extensions */ = {
			isa = PBXGroup;
			children = (
				5667FD462245876F002617BE /* UIImageView+Extensions.swift */,
				5667FD4E22460046002617BE /* Common+Extensions.swift */,
				5667FD5022461CB5002617BE /* Date+Extensions.swift */,
			);
			path = Extensions;
			sourceTree = "<group>";
		};
		5682D2AE22387E0B00B2B96F /* Models */ = {
			isa = PBXGroup;
			children = (
				5682D2AF22387E6D00B2B96F /* DataManager.swift */,
			);
			path = Models;
			sourceTree = "<group>";
		};
		5682D2B8223886B400B2B96F /* Frameworks */ = {
			isa = PBXGroup;
			children = (
				56114113224CC50700790039 /* SwiftyJSON.framework */,
				56114110224CADA800790039 /* Charts.framework */,
				56114107224CAC3700790039 /* Nimble.framework */,
				56114105224CAC3600790039 /* Quick.framework */,
				56114104224CAC3600790039 /* Realm.framework */,
				56114106224CAC3600790039 /* RealmSwift.framework */,
			);
			name = Frameworks;
			sourceTree = "<group>";
		};
/* End PBXGroup section */

/* Begin PBXNativeTarget section */
		5616597D22385E8C005E9D0C /* TimeRecorder */ = {
			isa = PBXNativeTarget;
			buildConfigurationList = 561659A922385E8E005E9D0C /* Build configuration list for PBXNativeTarget "TimeRecorder" */;
			buildPhases = (
				5616597A22385E8C005E9D0C /* Sources */,
				5616597B22385E8C005E9D0C /* Frameworks */,
				5616597C22385E8C005E9D0C /* Resources */,
				5682D2B72238866700B2B96F /* Embed Frameworks */,
			);
			buildRules = (
			);
			dependencies = (
			);
			name = TimeRecorder;
			productName = TimeRecorder;
			productReference = 5616597E22385E8C005E9D0C /* TimeRecorder.app */;
			productType = "com.apple.product-type.application";
		};
		5616599422385E8E005E9D0C /* TimeRecorderTests */ = {
			isa = PBXNativeTarget;
			buildConfigurationList = 561659AC22385E8E005E9D0C /* Build configuration list for PBXNativeTarget "TimeRecorderTests" */;
			buildPhases = (
				5616599122385E8E005E9D0C /* Sources */,
				5616599222385E8E005E9D0C /* Frameworks */,
				5616599322385E8E005E9D0C /* Resources */,
			);
			buildRules = (
			);
			dependencies = (
				5616599722385E8E005E9D0C /* PBXTargetDependency */,
			);
			name = TimeRecorderTests;
			productName = TimeRecorderTests;
			productReference = 5616599522385E8E005E9D0C /* TimeRecorderTests.xctest */;
			productType = "com.apple.product-type.bundle.unit-test";
		};
		5616599F22385E8E005E9D0C /* TimeRecorderUITests */ = {
			isa = PBXNativeTarget;
			buildConfigurationList = 561659AF22385E8E005E9D0C /* Build configuration list for PBXNativeTarget "TimeRecorderUITests" */;
			buildPhases = (
				5616599C22385E8E005E9D0C /* Sources */,
				5616599D22385E8E005E9D0C /* Frameworks */,
				5616599E22385E8E005E9D0C /* Resources */,
			);
			buildRules = (
			);
			dependencies = (
				561659A222385E8E005E9D0C /* PBXTargetDependency */,
			);
			name = TimeRecorderUITests;
			productName = TimeRecorderUITests;
			productReference = 561659A022385E8E005E9D0C /* TimeRecorderUITests.xctest */;
			productType = "com.apple.product-type.bundle.ui-testing";
		};
/* End PBXNativeTarget section */

/* Begin PBXProject section */
		5616597622385E8C005E9D0C /* Project object */ = {
			isa = PBXProject;
			attributes = {
				LastSwiftUpdateCheck = 1010;
				LastUpgradeCheck = 1010;
				ORGANIZATIONNAME = LeoZhou;
				TargetAttributes = {
					5616597D22385E8C005E9D0C = {
						CreatedOnToolsVersion = 10.1;
						LastSwiftMigration = 1020;
					};
					5616599422385E8E005E9D0C = {
						CreatedOnToolsVersion = 10.1;
						LastSwiftMigration = 1020;
						TestTargetID = 5616597D22385E8C005E9D0C;
					};
					5616599F22385E8E005E9D0C = {
						CreatedOnToolsVersion = 10.1;
						LastSwiftMigration = 1020;
						TestTargetID = 5616597D22385E8C005E9D0C;
					};
				};
			};
			buildConfigurationList = 5616597922385E8C005E9D0C /* Build configuration list for PBXProject "TimeRecorder" */;
			compatibilityVersion = "Xcode 9.3";
			developmentRegion = en;
			hasScannedForEncodings = 0;
			knownRegions = (
				en,
				Base,
			);
			mainGroup = 5616597522385E8C005E9D0C;
			productRefGroup = 5616597F22385E8C005E9D0C /* Products */;
			projectDirPath = "";
			projectRoot = "";
			targets = (
				5616597D22385E8C005E9D0C /* TimeRecorder */,
				5616599422385E8E005E9D0C /* TimeRecorderTests */,
				5616599F22385E8E005E9D0C /* TimeRecorderUITests */,
			);
		};
/* End PBXProject section */

/* Begin PBXResourcesBuildPhase section */
		5616597C22385E8C005E9D0C /* Resources */ = {
			isa = PBXResourcesBuildPhase;
			buildActionMask = 2147483647;
			files = (
				5616598F22385E8E005E9D0C /* LaunchScreen.storyboard in Resources */,
				5616598C22385E8E005E9D0C /* Assets.xcassets in Resources */,
			);
			runOnlyForDeploymentPostprocessing = 0;
		};
		5616599322385E8E005E9D0C /* Resources */ = {
			isa = PBXResourcesBuildPhase;
			buildActionMask = 2147483647;
			files = (
			);
			runOnlyForDeploymentPostprocessing = 0;
		};
		5616599E22385E8E005E9D0C /* Resources */ = {
			isa = PBXResourcesBuildPhase;
			buildActionMask = 2147483647;
			files = (
			);
			runOnlyForDeploymentPostprocessing = 0;
		};
/* End PBXResourcesBuildPhase section */

/* Begin PBXSourcesBuildPhase section */
		5616597A22385E8C005E9D0C /* Sources */ = {
			isa = PBXSourcesBuildPhase;
			buildActionMask = 2147483647;
			files = (
				5667FD472245876F002617BE /* UIImageView+Extensions.swift in Sources */,
				5667FC412238FA09002617BE /* SettingViewController.swift in Sources */,
				5667FD402244E05D002617BE /* EditCategoryTableViewCell.swift in Sources */,
				5667FC4B223A0154002617BE /* EditActivityViewController.swift in Sources */,
				5667FC452238FA54002617BE /* RecordsViewController.swift in Sources */,
				5667FC93223E6308002617BE /* IconView.swift in Sources */,
				5667FCA62240FEB3002617BE /* BasicItemsTableViewController.swift in Sources */,
				5667FC492239A108002617BE /* CategoriesViewController.swift in Sources */,
				5667FC9B223F48E9002617BE /* ActivitiesViewController.swift in Sources */,
				5682D2B022387E6D00B2B96F /* DataManager.swift in Sources */,
				5667FD3D22438AF3002617BE /* BaseEditAttributeTableViewController.swift in Sources */,
				5667FD442244F68D002617BE /* EditNoteTableViewCell.swift in Sources */,
				5667FC9E223F955D002617BE /* CategoriesFilteViewController.swift in Sources */,
				5667FC97223F20BF002617BE /* EditActivityIconTableViewCell.swift in Sources */,
				5667FC99223F2DB0002617BE /* ActivityTableViewCell.swift in Sources */,
				5667FCA82242360F002617BE /* EditRecordViewController.swift in Sources */,
				5667FC51223AEFF2002617BE /* IconViewCell.swift in Sources */,
				5667FC4D223AEEB5002617BE /* SelectIconViewController.swift in Sources */,
				5667FD4F22460046002617BE /* Common+Extensions.swift in Sources */,
				5667FCAC22424E9D002617BE /* CategoryView.swift in Sources */,
				5667FD4B22458DF1002617BE /* BaseEditRecordTableViewCell.swift in Sources */,
				5667FCA0223F9754002617BE /* FilteStateView.swift in Sources */,
				5667FC53223D9888002617BE /* TRDatePicker.swift in Sources */,
				5667FD5122461CB5002617BE /* Date+Extensions.swift in Sources */,
				5667FCA42240F032002617BE /* BasicTableViewController.swift in Sources */,
				5667FCAA22424799002617BE /* TRCategoryPicker.swift in Sources */,
				5667FC95223EEC0F002617BE /* EditActivityNameTableViewCell.swift in Sources */,
				5667FC472238FA7D002617BE /* TimerViewController.swift in Sources */,
				5667FC432238FA43002617BE /* ChatsViewController.swift in Sources */,
				5667FD422244F476002617BE /* EditDateTableViewCell.swift in Sources */,
				5616598222385E8C005E9D0C /* AppDelegate.swift in Sources */,
				5667FD4D2245EA59002617BE /* RecordListTableViewCell.swift in Sources */,
			);
			runOnlyForDeploymentPostprocessing = 0;
		};
		5616599122385E8E005E9D0C /* Sources */ = {
			isa = PBXSourcesBuildPhase;
			buildActionMask = 2147483647;
			files = (
				5616599A22385E8E005E9D0C /* TimeRecorderTests.swift in Sources */,
			);
			runOnlyForDeploymentPostprocessing = 0;
		};
		5616599C22385E8E005E9D0C /* Sources */ = {
			isa = PBXSourcesBuildPhase;
			buildActionMask = 2147483647;
			files = (
				561659A522385E8E005E9D0C /* TimeRecorderUITests.swift in Sources */,
			);
			runOnlyForDeploymentPostprocessing = 0;
		};
/* End PBXSourcesBuildPhase section */

/* Begin PBXTargetDependency section */
		5616599722385E8E005E9D0C /* PBXTargetDependency */ = {
			isa = PBXTargetDependency;
			target = 5616597D22385E8C005E9D0C /* TimeRecorder */;
			targetProxy = 5616599622385E8E005E9D0C /* PBXContainerItemProxy */;
		};
		561659A222385E8E005E9D0C /* PBXTargetDependency */ = {
			isa = PBXTargetDependency;
			target = 5616597D22385E8C005E9D0C /* TimeRecorder */;
			targetProxy = 561659A122385E8E005E9D0C /* PBXContainerItemProxy */;
		};
/* End PBXTargetDependency section */

/* Begin PBXVariantGroup section */
		5616598D22385E8E005E9D0C /* LaunchScreen.storyboard */ = {
			isa = PBXVariantGroup;
			children = (
				5616598E22385E8E005E9D0C /* Base */,
			);
			name = LaunchScreen.storyboard;
			sourceTree = "<group>";
		};
/* End PBXVariantGroup section */

/* Begin XCBuildConfiguration section */
		561659A722385E8E005E9D0C /* Debug */ = {
			isa = XCBuildConfiguration;
			buildSettings = {
				ALWAYS_SEARCH_USER_PATHS = NO;
				CLANG_ANALYZER_NONNULL = YES;
				CLANG_ANALYZER_NUMBER_OBJECT_CONVERSION = YES_AGGRESSIVE;
				CLANG_CXX_LANGUAGE_STANDARD = "gnu++14";
				CLANG_CXX_LIBRARY = "libc++";
				CLANG_ENABLE_MODULES = YES;
				CLANG_ENABLE_OBJC_ARC = YES;
				CLANG_ENABLE_OBJC_WEAK = YES;
				CLANG_WARN_BLOCK_CAPTURE_AUTORELEASING = YES;
				CLANG_WARN_BOOL_CONVERSION = YES;
				CLANG_WARN_COMMA = YES;
				CLANG_WARN_CONSTANT_CONVERSION = YES;
				CLANG_WARN_DEPRECATED_OBJC_IMPLEMENTATIONS = YES;
				CLANG_WARN_DIRECT_OBJC_ISA_USAGE = YES_ERROR;
				CLANG_WARN_DOCUMENTATION_COMMENTS = YES;
				CLANG_WARN_EMPTY_BODY = YES;
				CLANG_WARN_ENUM_CONVERSION = YES;
				CLANG_WARN_INFINITE_RECURSION = YES;
				CLANG_WARN_INT_CONVERSION = YES;
				CLANG_WARN_NON_LITERAL_NULL_CONVERSION = YES;
				CLANG_WARN_OBJC_IMPLICIT_RETAIN_SELF = YES;
				CLANG_WARN_OBJC_LITERAL_CONVERSION = YES;
				CLANG_WARN_OBJC_ROOT_CLASS = YES_ERROR;
				CLANG_WARN_RANGE_LOOP_ANALYSIS = YES;
				CLANG_WARN_STRICT_PROTOTYPES = YES;
				CLANG_WARN_SUSPICIOUS_MOVE = YES;
				CLANG_WARN_UNGUARDED_AVAILABILITY = YES_AGGRESSIVE;
				CLANG_WARN_UNREACHABLE_CODE = YES;
				CLANG_WARN__DUPLICATE_METHOD_MATCH = YES;
				CODE_SIGN_IDENTITY = "iPhone Developer";
				COPY_PHASE_STRIP = NO;
				DEBUG_INFORMATION_FORMAT = dwarf;
				ENABLE_STRICT_OBJC_MSGSEND = YES;
				ENABLE_TESTABILITY = YES;
				GCC_C_LANGUAGE_STANDARD = gnu11;
				GCC_DYNAMIC_NO_PIC = NO;
				GCC_NO_COMMON_BLOCKS = YES;
				GCC_OPTIMIZATION_LEVEL = 0;
				GCC_PREPROCESSOR_DEFINITIONS = (
					"DEBUG=1",
					"$(inherited)",
				);
				GCC_WARN_64_TO_32_BIT_CONVERSION = YES;
				GCC_WARN_ABOUT_RETURN_TYPE = YES_ERROR;
				GCC_WARN_UNDECLARED_SELECTOR = YES;
				GCC_WARN_UNINITIALIZED_AUTOS = YES_AGGRESSIVE;
				GCC_WARN_UNUSED_FUNCTION = YES;
				GCC_WARN_UNUSED_VARIABLE = YES;
				IPHONEOS_DEPLOYMENT_TARGET = 12.1;
				MTL_ENABLE_DEBUG_INFO = INCLUDE_SOURCE;
				MTL_FAST_MATH = YES;
				ONLY_ACTIVE_ARCH = YES;
				SDKROOT = iphoneos;
				SWIFT_ACTIVE_COMPILATION_CONDITIONS = DEBUG;
				SWIFT_OPTIMIZATION_LEVEL = "-Onone";
			};
			name = Debug;
		};
		561659A822385E8E005E9D0C /* Release */ = {
			isa = XCBuildConfiguration;
			buildSettings = {
				ALWAYS_SEARCH_USER_PATHS = NO;
				CLANG_ANALYZER_NONNULL = YES;
				CLANG_ANALYZER_NUMBER_OBJECT_CONVERSION = YES_AGGRESSIVE;
				CLANG_CXX_LANGUAGE_STANDARD = "gnu++14";
				CLANG_CXX_LIBRARY = "libc++";
				CLANG_ENABLE_MODULES = YES;
				CLANG_ENABLE_OBJC_ARC = YES;
				CLANG_ENABLE_OBJC_WEAK = YES;
				CLANG_WARN_BLOCK_CAPTURE_AUTORELEASING = YES;
				CLANG_WARN_BOOL_CONVERSION = YES;
				CLANG_WARN_COMMA = YES;
				CLANG_WARN_CONSTANT_CONVERSION = YES;
				CLANG_WARN_DEPRECATED_OBJC_IMPLEMENTATIONS = YES;
				CLANG_WARN_DIRECT_OBJC_ISA_USAGE = YES_ERROR;
				CLANG_WARN_DOCUMENTATION_COMMENTS = YES;
				CLANG_WARN_EMPTY_BODY = YES;
				CLANG_WARN_ENUM_CONVERSION = YES;
				CLANG_WARN_INFINITE_RECURSION = YES;
				CLANG_WARN_INT_CONVERSION = YES;
				CLANG_WARN_NON_LITERAL_NULL_CONVERSION = YES;
				CLANG_WARN_OBJC_IMPLICIT_RETAIN_SELF = YES;
				CLANG_WARN_OBJC_LITERAL_CONVERSION = YES;
				CLANG_WARN_OBJC_ROOT_CLASS = YES_ERROR;
				CLANG_WARN_RANGE_LOOP_ANALYSIS = YES;
				CLANG_WARN_STRICT_PROTOTYPES = YES;
				CLANG_WARN_SUSPICIOUS_MOVE = YES;
				CLANG_WARN_UNGUARDED_AVAILABILITY = YES_AGGRESSIVE;
				CLANG_WARN_UNREACHABLE_CODE = YES;
				CLANG_WARN__DUPLICATE_METHOD_MATCH = YES;
				CODE_SIGN_IDENTITY = "iPhone Developer";
				COPY_PHASE_STRIP = NO;
				DEBUG_INFORMATION_FORMAT = "dwarf-with-dsym";
				ENABLE_NS_ASSERTIONS = NO;
				ENABLE_STRICT_OBJC_MSGSEND = YES;
				GCC_C_LANGUAGE_STANDARD = gnu11;
				GCC_NO_COMMON_BLOCKS = YES;
				GCC_WARN_64_TO_32_BIT_CONVERSION = YES;
				GCC_WARN_ABOUT_RETURN_TYPE = YES_ERROR;
				GCC_WARN_UNDECLARED_SELECTOR = YES;
				GCC_WARN_UNINITIALIZED_AUTOS = YES_AGGRESSIVE;
				GCC_WARN_UNUSED_FUNCTION = YES;
				GCC_WARN_UNUSED_VARIABLE = YES;
				IPHONEOS_DEPLOYMENT_TARGET = 12.1;
				MTL_ENABLE_DEBUG_INFO = NO;
				MTL_FAST_MATH = YES;
				SDKROOT = iphoneos;
				SWIFT_COMPILATION_MODE = wholemodule;
				SWIFT_OPTIMIZATION_LEVEL = "-O";
				VALIDATE_PRODUCT = YES;
			};
			name = Release;
		};
		561659AA22385E8E005E9D0C /* Debug */ = {
			isa = XCBuildConfiguration;
			buildSettings = {
				ASSETCATALOG_COMPILER_APPICON_NAME = AppIcon;
				CODE_SIGN_STYLE = Automatic;
				DEVELOPMENT_TEAM = B3ALGDS99C;
				FRAMEWORK_SEARCH_PATHS = (
					"$(inherited)",
					"$(PROJECT_DIR)",
				);
				INFOPLIST_FILE = TimeRecorder/Info.plist;
				LD_RUNPATH_SEARCH_PATHS = (
					"$(inherited)",
					"@executable_path/Frameworks",
				);
				PRODUCT_BUNDLE_IDENTIFIER = Practice.TimeRecorder;
				PRODUCT_NAME = "$(TARGET_NAME)";
				SWIFT_VERSION = 5.0;
				TARGETED_DEVICE_FAMILY = "1,2";
			};
			name = Debug;
		};
		561659AB22385E8E005E9D0C /* Release */ = {
			isa = XCBuildConfiguration;
			buildSettings = {
				ASSETCATALOG_COMPILER_APPICON_NAME = AppIcon;
				CODE_SIGN_STYLE = Automatic;
				DEVELOPMENT_TEAM = B3ALGDS99C;
				FRAMEWORK_SEARCH_PATHS = (
					"$(inherited)",
					"$(PROJECT_DIR)",
				);
				INFOPLIST_FILE = TimeRecorder/Info.plist;
				LD_RUNPATH_SEARCH_PATHS = (
					"$(inherited)",
					"@executable_path/Frameworks",
				);
				PRODUCT_BUNDLE_IDENTIFIER = Practice.TimeRecorder;
				PRODUCT_NAME = "$(TARGET_NAME)";
				SWIFT_VERSION = 5.0;
				TARGETED_DEVICE_FAMILY = "1,2";
			};
			name = Release;
		};
		561659AD22385E8E005E9D0C /* Debug */ = {
			isa = XCBuildConfiguration;
			buildSettings = {
				ALWAYS_EMBED_SWIFT_STANDARD_LIBRARIES = YES;
				BUNDLE_LOADER = "$(TEST_HOST)";
				CODE_SIGN_STYLE = Automatic;
				DEVELOPMENT_TEAM = B3ALGDS99C;
				INFOPLIST_FILE = TimeRecorderTests/Info.plist;
				LD_RUNPATH_SEARCH_PATHS = (
					"$(inherited)",
					"@executable_path/Frameworks",
					"@loader_path/Frameworks",
				);
				PRODUCT_BUNDLE_IDENTIFIER = Practice.TimeRecorderTests;
				PRODUCT_NAME = "$(TARGET_NAME)";
				SWIFT_VERSION = 5.0;
				TARGETED_DEVICE_FAMILY = "1,2";
				TEST_HOST = "$(BUILT_PRODUCTS_DIR)/TimeRecorder.app/TimeRecorder";
			};
			name = Debug;
		};
		561659AE22385E8E005E9D0C /* Release */ = {
			isa = XCBuildConfiguration;
			buildSettings = {
				ALWAYS_EMBED_SWIFT_STANDARD_LIBRARIES = YES;
				BUNDLE_LOADER = "$(TEST_HOST)";
				CODE_SIGN_STYLE = Automatic;
				DEVELOPMENT_TEAM = B3ALGDS99C;
				INFOPLIST_FILE = TimeRecorderTests/Info.plist;
				LD_RUNPATH_SEARCH_PATHS = (
					"$(inherited)",
					"@executable_path/Frameworks",
					"@loader_path/Frameworks",
				);
				PRODUCT_BUNDLE_IDENTIFIER = Practice.TimeRecorderTests;
				PRODUCT_NAME = "$(TARGET_NAME)";
				SWIFT_VERSION = 5.0;
				TARGETED_DEVICE_FAMILY = "1,2";
				TEST_HOST = "$(BUILT_PRODUCTS_DIR)/TimeRecorder.app/TimeRecorder";
			};
			name = Release;
		};
		561659B022385E8E005E9D0C /* Debug */ = {
			isa = XCBuildConfiguration;
			buildSettings = {
				ALWAYS_EMBED_SWIFT_STANDARD_LIBRARIES = YES;
				CODE_SIGN_STYLE = Automatic;
				DEVELOPMENT_TEAM = B3ALGDS99C;
				INFOPLIST_FILE = TimeRecorderUITests/Info.plist;
				LD_RUNPATH_SEARCH_PATHS = (
					"$(inherited)",
					"@executable_path/Frameworks",
					"@loader_path/Frameworks",
				);
				PRODUCT_BUNDLE_IDENTIFIER = Practice.TimeRecorderUITests;
				PRODUCT_NAME = "$(TARGET_NAME)";
				SWIFT_VERSION = 5.0;
				TARGETED_DEVICE_FAMILY = "1,2";
				TEST_TARGET_NAME = TimeRecorder;
			};
			name = Debug;
		};
		561659B122385E8E005E9D0C /* Release */ = {
			isa = XCBuildConfiguration;
			buildSettings = {
				ALWAYS_EMBED_SWIFT_STANDARD_LIBRARIES = YES;
				CODE_SIGN_STYLE = Automatic;
				DEVELOPMENT_TEAM = B3ALGDS99C;
				INFOPLIST_FILE = TimeRecorderUITests/Info.plist;
				LD_RUNPATH_SEARCH_PATHS = (
					"$(inherited)",
					"@executable_path/Frameworks",
					"@loader_path/Frameworks",
				);
				PRODUCT_BUNDLE_IDENTIFIER = Practice.TimeRecorderUITests;
				PRODUCT_NAME = "$(TARGET_NAME)";
				SWIFT_VERSION = 5.0;
				TARGETED_DEVICE_FAMILY = "1,2";
				TEST_TARGET_NAME = TimeRecorder;
			};
			name = Release;
		};
/* End XCBuildConfiguration section */

/* Begin XCConfigurationList section */
		5616597922385E8C005E9D0C /* Build configuration list for PBXProject "TimeRecorder" */ = {
			isa = XCConfigurationList;
			buildConfigurations = (
				561659A722385E8E005E9D0C /* Debug */,
				561659A822385E8E005E9D0C /* Release */,
			);
			defaultConfigurationIsVisible = 0;
			defaultConfigurationName = Release;
		};
		561659A922385E8E005E9D0C /* Build configuration list for PBXNativeTarget "TimeRecorder" */ = {
			isa = XCConfigurationList;
			buildConfigurations = (
				561659AA22385E8E005E9D0C /* Debug */,
				561659AB22385E8E005E9D0C /* Release */,
			);
			defaultConfigurationIsVisible = 0;
			defaultConfigurationName = Release;
		};
		561659AC22385E8E005E9D0C /* Build configuration list for PBXNativeTarget "TimeRecorderTests" */ = {
			isa = XCConfigurationList;
			buildConfigurations = (
				561659AD22385E8E005E9D0C /* Debug */,
				561659AE22385E8E005E9D0C /* Release */,
			);
			defaultConfigurationIsVisible = 0;
			defaultConfigurationName = Release;
		};
		561659AF22385E8E005E9D0C /* Build configuration list for PBXNativeTarget "TimeRecorderUITests" */ = {
			isa = XCConfigurationList;
			buildConfigurations = (
				561659B022385E8E005E9D0C /* Debug */,
				561659B122385E8E005E9D0C /* Release */,
			);
			defaultConfigurationIsVisible = 0;
			defaultConfigurationName = Release;
		};
/* End XCConfigurationList section */
	};
	rootObject = 5616597622385E8C005E9D0C /* Project object */;
}
